// !$*UTF8*$!
{
	archiveVersion = 1;
	classes = {
	};
	objectVersion = 55;
	objects = {

/* Begin PBXBuildFile section */
		BD061E7E28AC1A750003FEAB /* MondayToDoTableViewController.swift in Sources */ = {isa = PBXBuildFile; fileRef = BD061E7D28AC1A750003FEAB /* MondayToDoTableViewController.swift */; };
		BD061E8028AC1AEB0003FEAB /* MondayToDo.swift in Sources */ = {isa = PBXBuildFile; fileRef = BD061E7F28AC1AEB0003FEAB /* MondayToDo.swift */; };
		BD061E8228AC23940003FEAB /* MondayAddToDoViewController.swift in Sources */ = {isa = PBXBuildFile; fileRef = BD061E8128AC23940003FEAB /* MondayAddToDoViewController.swift */; };
		BD1C8E7328ABE76F003CFD83 /* AppDelegate.swift in Sources */ = {isa = PBXBuildFile; fileRef = BD1C8E7228ABE76F003CFD83 /* AppDelegate.swift */; };
		BD1C8E7528ABE76F003CFD83 /* SceneDelegate.swift in Sources */ = {isa = PBXBuildFile; fileRef = BD1C8E7428ABE76F003CFD83 /* SceneDelegate.swift */; };
		BD1C8E7728ABE76F003CFD83 /* ViewController.swift in Sources */ = {isa = PBXBuildFile; fileRef = BD1C8E7628ABE76F003CFD83 /* ViewController.swift */; };
		BD1C8E7A28ABE76F003CFD83 /* Main.storyboard in Resources */ = {isa = PBXBuildFile; fileRef = BD1C8E7828ABE76F003CFD83 /* Main.storyboard */; };
		BD1C8E7D28ABE76F003CFD83 /* Wrkout.xcdatamodeld in Sources */ = {isa = PBXBuildFile; fileRef = BD1C8E7B28ABE76F003CFD83 /* Wrkout.xcdatamodeld */; };
		BD1C8E7F28ABE770003CFD83 /* Assets.xcassets in Resources */ = {isa = PBXBuildFile; fileRef = BD1C8E7E28ABE770003CFD83 /* Assets.xcassets */; };
		BD1C8E8228ABE770003CFD83 /* LaunchScreen.storyboard in Resources */ = {isa = PBXBuildFile; fileRef = BD1C8E8028ABE770003CFD83 /* LaunchScreen.storyboard */; };
		BD3CECB728AEAF2500F24521 /* nameChanger.swift in Sources */ = {isa = PBXBuildFile; fileRef = BD3CECB628AEAF2500F24521 /* nameChanger.swift */; };
		BD3CECB928AEBA6C00F24521 /* HomeViewController.swift in Sources */ = {isa = PBXBuildFile; fileRef = BD3CECB828AEBA6C00F24521 /* HomeViewController.swift */; };
		BD3CECBB28AEC89C00F24521 /* waterTrackerChanger.swift in Sources */ = {isa = PBXBuildFile; fileRef = BD3CECBA28AEC89C00F24521 /* waterTrackerChanger.swift */; };
		BD3CECBD28AECA9A00F24521 /* WaterTrackerViewController.swift in Sources */ = {isa = PBXBuildFile; fileRef = BD3CECBC28AECA9A00F24521 /* WaterTrackerViewController.swift */; };
		BD6E6C9D28AC348D0080E02F /* MondayCompletedToDoViewController.swift in Sources */ = {isa = PBXBuildFile; fileRef = BD6E6C9C28AC348D0080E02F /* MondayCompletedToDoViewController.swift */; };
		BDA351C828AD703A00F632CC /* ViewControllerCalendar.swift in Sources */ = {isa = PBXBuildFile; fileRef = BDA351C728AD703A00F632CC /* ViewControllerCalendar.swift */; };
/* End PBXBuildFile section */

/* Begin PBXFileReference section */
		BD061E7D28AC1A750003FEAB /* MondayToDoTableViewController.swift */ = {isa = PBXFileReference; lastKnownFileType = sourcecode.swift; path = MondayToDoTableViewController.swift; sourceTree = "<group>"; };
		BD061E7F28AC1AEB0003FEAB /* MondayToDo.swift */ = {isa = PBXFileReference; lastKnownFileType = sourcecode.swift; path = MondayToDo.swift; sourceTree = "<group>"; };
		BD061E8128AC23940003FEAB /* MondayAddToDoViewController.swift */ = {isa = PBXFileReference; lastKnownFileType = sourcecode.swift; path = MondayAddToDoViewController.swift; sourceTree = "<group>"; };
		BD1C8E6F28ABE76F003CFD83 /* Wrkout.app */ = {isa = PBXFileReference; explicitFileType = wrapper.application; includeInIndex = 0; path = Wrkout.app; sourceTree = BUILT_PRODUCTS_DIR; };
		BD1C8E7228ABE76F003CFD83 /* AppDelegate.swift */ = {isa = PBXFileReference; lastKnownFileType = sourcecode.swift; path = AppDelegate.swift; sourceTree = "<group>"; };
		BD1C8E7428ABE76F003CFD83 /* SceneDelegate.swift */ = {isa = PBXFileReference; lastKnownFileType = sourcecode.swift; path = SceneDelegate.swift; sourceTree = "<group>"; };
		BD1C8E7628ABE76F003CFD83 /* ViewController.swift */ = {isa = PBXFileReference; lastKnownFileType = sourcecode.swift; path = ViewController.swift; sourceTree = "<group>"; };
		BD1C8E7928ABE76F003CFD83 /* Base */ = {isa = PBXFileReference; lastKnownFileType = file.storyboard; name = Base; path = Base.lproj/Main.storyboard; sourceTree = "<group>"; };
		BD1C8E7C28ABE76F003CFD83 /* Wrkout.xcdatamodel */ = {isa = PBXFileReference; lastKnownFileType = wrapper.xcdatamodel; path = Wrkout.xcdatamodel; sourceTree = "<group>"; };
		BD1C8E7E28ABE770003CFD83 /* Assets.xcassets */ = {isa = PBXFileReference; lastKnownFileType = folder.assetcatalog; path = Assets.xcassets; sourceTree = "<group>"; };
		BD1C8E8128ABE770003CFD83 /* Base */ = {isa = PBXFileReference; lastKnownFileType = file.storyboard; name = Base; path = Base.lproj/LaunchScreen.storyboard; sourceTree = "<group>"; };
		BD1C8E8328ABE770003CFD83 /* Info.plist */ = {isa = PBXFileReference; lastKnownFileType = text.plist.xml; path = Info.plist; sourceTree = "<group>"; };
		BD3CECB628AEAF2500F24521 /* nameChanger.swift */ = {isa = PBXFileReference; lastKnownFileType = sourcecode.swift; path = nameChanger.swift; sourceTree = "<group>"; };
		BD3CECB828AEBA6C00F24521 /* HomeViewController.swift */ = {isa = PBXFileReference; lastKnownFileType = sourcecode.swift; path = HomeViewController.swift; sourceTree = "<group>"; };
		BD3CECBA28AEC89C00F24521 /* waterTrackerChanger.swift */ = {isa = PBXFileReference; lastKnownFileType = sourcecode.swift; path = waterTrackerChanger.swift; sourceTree = "<group>"; };
		BD3CECBC28AECA9A00F24521 /* WaterTrackerViewController.swift */ = {isa = PBXFileReference; lastKnownFileType = sourcecode.swift; path = WaterTrackerViewController.swift; sourceTree = "<group>"; };
		BD6E6C9C28AC348D0080E02F /* MondayCompletedToDoViewController.swift */ = {isa = PBXFileReference; lastKnownFileType = sourcecode.swift; path = MondayCompletedToDoViewController.swift; sourceTree = "<group>"; };
		BDA351C728AD703A00F632CC /* ViewControllerCalendar.swift */ = {isa = PBXFileReference; lastKnownFileType = sourcecode.swift; path = ViewControllerCalendar.swift; sourceTree = "<group>"; };
/* End PBXFileReference section */

/* Begin PBXFrameworksBuildPhase section */
		BD1C8E6C28ABE76F003CFD83 /* Frameworks */ = {
			isa = PBXFrameworksBuildPhase;
			buildActionMask = 2147483647;
			files = (
			);
			runOnlyForDeploymentPostprocessing = 0;
		};
/* End PBXFrameworksBuildPhase section */

/* Begin PBXGroup section */
		BD1C8E6628ABE76F003CFD83 = {
			isa = PBXGroup;
			children = (
				BD1C8E7128ABE76F003CFD83 /* Wrkout */,
				BD1C8E7028ABE76F003CFD83 /* Products */,
			);
			sourceTree = "<group>";
		};
		BD1C8E7028ABE76F003CFD83 /* Products */ = {
			isa = PBXGroup;
			children = (
				BD1C8E6F28ABE76F003CFD83 /* Wrkout.app */,
			);
			name = Products;
			sourceTree = "<group>";
		};
		BD1C8E7128ABE76F003CFD83 /* Wrkout */ = {
			isa = PBXGroup;
			children = (
				BD1C8E7228ABE76F003CFD83 /* AppDelegate.swift */,
				BD1C8E7428ABE76F003CFD83 /* SceneDelegate.swift */,
				BD1C8E7628ABE76F003CFD83 /* ViewController.swift */,
				BD1C8E7828ABE76F003CFD83 /* Main.storyboard */,
				BD3CECBC28AECA9A00F24521 /* WaterTrackerViewController.swift */,
				BD3CECBA28AEC89C00F24521 /* waterTrackerChanger.swift */,
				BD3CECB828AEBA6C00F24521 /* HomeViewController.swift */,
				BD3CECB628AEAF2500F24521 /* nameChanger.swift */,
				BDA351C728AD703A00F632CC /* ViewControllerCalendar.swift */,
				BD6E6C9C28AC348D0080E02F /* MondayCompletedToDoViewController.swift */,
				BD061E8128AC23940003FEAB /* MondayAddToDoViewController.swift */,
				BD061E7F28AC1AEB0003FEAB /* MondayToDo.swift */,
				BD061E7D28AC1A750003FEAB /* MondayToDoTableViewController.swift */,
				BD1C8E7E28ABE770003CFD83 /* Assets.xcassets */,
				BD1C8E8028ABE770003CFD83 /* LaunchScreen.storyboard */,
				BD1C8E8328ABE770003CFD83 /* Info.plist */,
				BD1C8E7B28ABE76F003CFD83 /* Wrkout.xcdatamodeld */,
			);
			path = Wrkout;
			sourceTree = "<group>";
		};
/* End PBXGroup section */

/* Begin PBXNativeTarget section */
		BD1C8E6E28ABE76F003CFD83 /* Wrkout */ = {
			isa = PBXNativeTarget;
			buildConfigurationList = BD1C8E8628ABE770003CFD83 /* Build configuration list for PBXNativeTarget "Wrkout" */;
			buildPhases = (
				BD1C8E6B28ABE76F003CFD83 /* Sources */,
				BD1C8E6C28ABE76F003CFD83 /* Frameworks */,
				BD1C8E6D28ABE76F003CFD83 /* Resources */,
			);
			buildRules = (
			);
			dependencies = (
			);
			name = Wrkout;
			productName = Wrkout;
			productReference = BD1C8E6F28ABE76F003CFD83 /* Wrkout.app */;
			productType = "com.apple.product-type.application";
		};
/* End PBXNativeTarget section */

/* Begin PBXProject section */
		BD1C8E6728ABE76F003CFD83 /* Project object */ = {
			isa = PBXProject;
			attributes = {
				BuildIndependentTargetsInParallel = 1;
				LastSwiftUpdateCheck = 1340;
				LastUpgradeCheck = 1340;
				TargetAttributes = {
					BD1C8E6E28ABE76F003CFD83 = {
						CreatedOnToolsVersion = 13.4.1;
					};
				};
			};
			buildConfigurationList = BD1C8E6A28ABE76F003CFD83 /* Build configuration list for PBXProject "Wrkout" */;
			compatibilityVersion = "Xcode 13.0";
			developmentRegion = en;
			hasScannedForEncodings = 0;
			knownRegions = (
				en,
				Base,
			);
			mainGroup = BD1C8E6628ABE76F003CFD83;
			productRefGroup = BD1C8E7028ABE76F003CFD83 /* Products */;
			projectDirPath = "";
			projectRoot = "";
			targets = (
				BD1C8E6E28ABE76F003CFD83 /* Wrkout */,
			);
		};
/* End PBXProject section */

/* Begin PBXResourcesBuildPhase section */
		BD1C8E6D28ABE76F003CFD83 /* Resources */ = {
			isa = PBXResourcesBuildPhase;
			buildActionMask = 2147483647;
			files = (
				BD1C8E8228ABE770003CFD83 /* LaunchScreen.storyboard in Resources */,
				BD1C8E7F28ABE770003CFD83 /* Assets.xcassets in Resources */,
				BD1C8E7A28ABE76F003CFD83 /* Main.storyboard in Resources */,
			);
			runOnlyForDeploymentPostprocessing = 0;
		};
/* End PBXResourcesBuildPhase section */

/* Begin PBXSourcesBuildPhase section */
		BD1C8E6B28ABE76F003CFD83 /* Sources */ = {
			isa = PBXSourcesBuildPhase;
			buildActionMask = 2147483647;
			files = (
				BD1C8E7728ABE76F003CFD83 /* ViewController.swift in Sources */,
				BD3CECB728AEAF2500F24521 /* nameChanger.swift in Sources */,
				BD1C8E7328ABE76F003CFD83 /* AppDelegate.swift in Sources */,
				BD061E8228AC23940003FEAB /* MondayAddToDoViewController.swift in Sources */,
				BD1C8E7528ABE76F003CFD83 /* SceneDelegate.swift in Sources */,
				BD6E6C9D28AC348D0080E02F /* MondayCompletedToDoViewController.swift in Sources */,
				BD3CECBD28AECA9A00F24521 /* WaterTrackerViewController.swift in Sources */,
				BD061E7E28AC1A750003FEAB /* MondayToDoTableViewController.swift in Sources */,
				BD3CECB928AEBA6C00F24521 /* HomeViewController.swift in Sources */,
				BD1C8E7D28ABE76F003CFD83 /* Wrkout.xcdatamodeld in Sources */,
				BDA351C828AD703A00F632CC /* ViewControllerCalendar.swift in Sources */,
				BD061E8028AC1AEB0003FEAB /* MondayToDo.swift in Sources */,
				BD3CECBB28AEC89C00F24521 /* waterTrackerChanger.swift in Sources */,
			);
			runOnlyForDeploymentPostprocessing = 0;
		};
/* End PBXSourcesBuildPhase section */

/* Begin PBXVariantGroup section */
		BD1C8E7828ABE76F003CFD83 /* Main.storyboard */ = {
			isa = PBXVariantGroup;
			children = (
				BD1C8E7928ABE76F003CFD83 /* Base */,
			);
			name = Main.storyboard;
			sourceTree = "<group>";
		};
		BD1C8E8028ABE770003CFD83 /* LaunchScreen.storyboard */ = {
			isa = PBXVariantGroup;
			children = (
				BD1C8E8128ABE770003CFD83 /* Base */,
			);
			name = LaunchScreen.storyboard;
			sourceTree = "<group>";
		};
/* End PBXVariantGroup section */

/* Begin XCBuildConfiguration section */
		BD1C8E8428ABE770003CFD83 /* Debug */ = {
			isa = XCBuildConfiguration;
			buildSettings = {
				ALWAYS_SEARCH_USER_PATHS = NO;
				CLANG_ANALYZER_NONNULL = YES;
				CLANG_ANALYZER_NUMBER_OBJECT_CONVERSION = YES_AGGRESSIVE;
				CLANG_CXX_LANGUAGE_STANDARD = "gnu++17";
				CLANG_ENABLE_MODULES = YES;
				CLANG_ENABLE_OBJC_ARC = YES;
				CLANG_ENABLE_OBJC_WEAK = YES;
				CLANG_WARN_BLOCK_CAPTURE_AUTORELEASING = YES;
				CLANG_WARN_BOOL_CONVERSION = YES;
				CLANG_WARN_COMMA = YES;
				CLANG_WARN_CONSTANT_CONVERSION = YES;
				CLANG_WARN_DEPRECATED_OBJC_IMPLEMENTATIONS = YES;
				CLANG_WARN_DIRECT_OBJC_ISA_USAGE = YES_ERROR;
				CLANG_WARN_DOCUMENTATION_COMMENTS = YES;
				CLANG_WARN_EMPTY_BODY = YES;
				CLANG_WARN_ENUM_CONVERSION = YES;
				CLANG_WARN_INFINITE_RECURSION = YES;
				CLANG_WARN_INT_CONVERSION = YES;
				CLANG_WARN_NON_LITERAL_NULL_CONVERSION = YES;
				CLANG_WARN_OBJC_IMPLICIT_RETAIN_SELF = YES;
				CLANG_WARN_OBJC_LITERAL_CONVERSION = YES;
				CLANG_WARN_OBJC_ROOT_CLASS = YES_ERROR;
				CLANG_WARN_QUOTED_INCLUDE_IN_FRAMEWORK_HEADER = YES;
				CLANG_WARN_RANGE_LOOP_ANALYSIS = YES;
				CLANG_WARN_STRICT_PROTOTYPES = YES;
				CLANG_WARN_SUSPICIOUS_MOVE = YES;
				CLANG_WARN_UNGUARDED_AVAILABILITY = YES_AGGRESSIVE;
				CLANG_WARN_UNREACHABLE_CODE = YES;
				CLANG_WARN__DUPLICATE_METHOD_MATCH = YES;
				COPY_PHASE_STRIP = NO;
				DEBUG_INFORMATION_FORMAT = dwarf;
				ENABLE_STRICT_OBJC_MSGSEND = YES;
				ENABLE_TESTABILITY = YES;
				GCC_C_LANGUAGE_STANDARD = gnu11;
				GCC_DYNAMIC_NO_PIC = NO;
				GCC_NO_COMMON_BLOCKS = YES;
				GCC_OPTIMIZATION_LEVEL = 0;
				GCC_PREPROCESSOR_DEFINITIONS = (
					"DEBUG=1",
					"$(inherited)",
				);
				GCC_WARN_64_TO_32_BIT_CONVERSION = YES;
				GCC_WARN_ABOUT_RETURN_TYPE = YES_ERROR;
				GCC_WARN_UNDECLARED_SELECTOR = YES;
				GCC_WARN_UNINITIALIZED_AUTOS = YES_AGGRESSIVE;
				GCC_WARN_UNUSED_FUNCTION = YES;
				GCC_WARN_UNUSED_VARIABLE = YES;
				IPHONEOS_DEPLOYMENT_TARGET = 15.5;
				MTL_ENABLE_DEBUG_INFO = INCLUDE_SOURCE;
				MTL_FAST_MATH = YES;
				ONLY_ACTIVE_ARCH = YES;
				SDKROOT = iphoneos;
				SWIFT_ACTIVE_COMPILATION_CONDITIONS = DEBUG;
				SWIFT_OPTIMIZATION_LEVEL = "-Onone";
			};
			name = Debug;
		};
		BD1C8E8528ABE770003CFD83 /* Release */ = {
			isa = XCBuildConfiguration;
			buildSettings = {
				ALWAYS_SEARCH_USER_PATHS = NO;
				CLANG_ANALYZER_NONNULL = YES;
				CLANG_ANALYZER_NUMBER_OBJECT_CONVERSION = YES_AGGRESSIVE;
				CLANG_CXX_LANGUAGE_STANDARD = "gnu++17";
				CLANG_ENABLE_MODULES = YES;
				CLANG_ENABLE_OBJC_ARC = YES;
				CLANG_ENABLE_OBJC_WEAK = YES;
				CLANG_WARN_BLOCK_CAPTURE_AUTORELEASING = YES;
				CLANG_WARN_BOOL_CONVERSION = YES;
				CLANG_WARN_COMMA = YES;
				CLANG_WARN_CONSTANT_CONVERSION = YES;
				CLANG_WARN_DEPRECATED_OBJC_IMPLEMENTATIONS = YES;
				CLANG_WARN_DIRECT_OBJC_ISA_USAGE = YES_ERROR;
				CLANG_WARN_DOCUMENTATION_COMMENTS = YES;
				CLANG_WARN_EMPTY_BODY = YES;
				CLANG_WARN_ENUM_CONVERSION = YES;
				CLANG_WARN_INFINITE_RECURSION = YES;
				CLANG_WARN_INT_CONVERSION = YES;
				CLANG_WARN_NON_LITERAL_NULL_CONVERSION = YES;
				CLANG_WARN_OBJC_IMPLICIT_RETAIN_SELF = YES;
				CLANG_WARN_OBJC_LITERAL_CONVERSION = YES;
				CLANG_WARN_OBJC_ROOT_CLASS = YES_ERROR;
				CLANG_WARN_QUOTED_INCLUDE_IN_FRAMEWORK_HEADER = YES;
				CLANG_WARN_RANGE_LOOP_ANALYSIS = YES;
				CLANG_WARN_STRICT_PROTOTYPES = YES;
				CLANG_WARN_SUSPICIOUS_MOVE = YES;
				CLANG_WARN_UNGUARDED_AVAILABILITY = YES_AGGRESSIVE;
				CLANG_WARN_UNREACHABLE_CODE = YES;
				CLANG_WARN__DUPLICATE_METHOD_MATCH = YES;
				COPY_PHASE_STRIP = NO;
				DEBUG_INFORMATION_FORMAT = "dwarf-with-dsym";
				ENABLE_NS_ASSERTIONS = NO;
				ENABLE_STRICT_OBJC_MSGSEND = YES;
				GCC_C_LANGUAGE_STANDARD = gnu11;
				GCC_NO_COMMON_BLOCKS = YES;
				GCC_WARN_64_TO_32_BIT_CONVERSION = YES;
				GCC_WARN_ABOUT_RETURN_TYPE = YES_ERROR;
				GCC_WARN_UNDECLARED_SELECTOR = YES;
				GCC_WARN_UNINITIALIZED_AUTOS = YES_AGGRESSIVE;
				GCC_WARN_UNUSED_FUNCTION = YES;
				GCC_WARN_UNUSED_VARIABLE = YES;
				IPHONEOS_DEPLOYMENT_TARGET = 15.5;
				MTL_ENABLE_DEBUG_INFO = NO;
				MTL_FAST_MATH = YES;
				SDKROOT = iphoneos;
				SWIFT_COMPILATION_MODE = wholemodule;
				SWIFT_OPTIMIZATION_LEVEL = "-O";
				VALIDATE_PRODUCT = YES;
			};
			name = Release;
		};
		BD1C8E8728ABE770003CFD83 /* Debug */ = {
			isa = XCBuildConfiguration;
			buildSettings = {
				ASSETCATALOG_COMPILER_APPICON_NAME = AppIcon;
				ASSETCATALOG_COMPILER_GLOBAL_ACCENT_COLOR_NAME = AccentColor;
				CODE_SIGN_STYLE = Automatic;
				CURRENT_PROJECT_VERSION = 1;
				GENERATE_INFOPLIST_FILE = YES;
				INFOPLIST_FILE = Wrkout/Info.plist;
				INFOPLIST_KEY_UIApplicationSupportsIndirectInputEvents = YES;
				INFOPLIST_KEY_UILaunchStoryboardName = LaunchScreen;
				INFOPLIST_KEY_UIMainStoryboardFile = Main;
				INFOPLIST_KEY_UISupportedInterfaceOrientations_iPad = "UIInterfaceOrientationPortrait UIInterfaceOrientationPortraitUpsideDown UIInterfaceOrientationLandscapeLeft UIInterfaceOrientationLandscapeRight";
				INFOPLIST_KEY_UISupportedInterfaceOrientations_iPhone = "UIInterfaceOrientationPortrait UIInterfaceOrientationLandscapeLeft UIInterfaceOrientationLandscapeRight";
				LD_RUNPATH_SEARCH_PATHS = (
					"$(inherited)",
					"@executable_path/Frameworks",
				);
				MARKETING_VERSION = 1.0;
				PRODUCT_BUNDLE_IDENTIFIER = kwk.Wrkout;
				PRODUCT_NAME = "$(TARGET_NAME)";
				SWIFT_EMIT_LOC_STRINGS = YES;
				SWIFT_VERSION = 5.0;
				TARGETED_DEVICE_FAMILY = "1,2";
			};
			name = Debug;
		};
		BD1C8E8828ABE770003CFD83 /* Release */ = {
			isa = XCBuildConfiguration;
			buildSettings = {
				ASSETCATALOG_COMPILER_APPICON_NAME = AppIcon;
				ASSETCATALOG_COMPILER_GLOBAL_ACCENT_COLOR_NAME = AccentColor;
				CODE_SIGN_STYLE = Automatic;
				CURRENT_PROJECT_VERSION = 1;
				GENERATE_INFOPLIST_FILE = YES;
				INFOPLIST_FILE = Wrkout/Info.plist;
				INFOPLIST_KEY_UIApplicationSupportsIndirectInputEvents = YES;
				INFOPLIST_KEY_UILaunchStoryboardName = LaunchScreen;
				INFOPLIST_KEY_UIMainStoryboardFile = Main;
				INFOPLIST_KEY_UISupportedInterfaceOrientations_iPad = "UIInterfaceOrientationPortrait UIInterfaceOrientationPortraitUpsideDown UIInterfaceOrientationLandscapeLeft UIInterfaceOrientationLandscapeRight";
				INFOPLIST_KEY_UISupportedInterfaceOrientations_iPhone = "UIInterfaceOrientationPortrait UIInterfaceOrientationLandscapeLeft UIInterfaceOrientationLandscapeRight";
				LD_RUNPATH_SEARCH_PATHS = (
					"$(inherited)",
					"@executable_path/Frameworks",
				);
				MARKETING_VERSION = 1.0;
				PRODUCT_BUNDLE_IDENTIFIER = kwk.Wrkout;
				PRODUCT_NAME = "$(TARGET_NAME)";
				SWIFT_EMIT_LOC_STRINGS = YES;
				SWIFT_VERSION = 5.0;
				TARGETED_DEVICE_FAMILY = "1,2";
			};
			name = Release;
		};
/* End XCBuildConfiguration section */

/* Begin XCConfigurationList section */
		BD1C8E6A28ABE76F003CFD83 /* Build configuration list for PBXProject "Wrkout" */ = {
			isa = XCConfigurationList;
			buildConfigurations = (
				BD1C8E8428ABE770003CFD83 /* Debug */,
				BD1C8E8528ABE770003CFD83 /* Release */,
			);
			defaultConfigurationIsVisible = 0;
			defaultConfigurationName = Release;
		};
		BD1C8E8628ABE770003CFD83 /* Build configuration list for PBXNativeTarget "Wrkout" */ = {
			isa = XCConfigurationList;
			buildConfigurations = (
				BD1C8E8728ABE770003CFD83 /* Debug */,
				BD1C8E8828ABE770003CFD83 /* Release */,
			);
			defaultConfigurationIsVisible = 0;
			defaultConfigurationName = Release;
		};
/* End XCConfigurationList section */

/* Begin XCVersionGroup section */
		BD1C8E7B28ABE76F003CFD83 /* Wrkout.xcdatamodeld */ = {
			isa = XCVersionGroup;
			children = (
				BD1C8E7C28ABE76F003CFD83 /* Wrkout.xcdatamodel */,
			);
			currentVersion = BD1C8E7C28ABE76F003CFD83 /* Wrkout.xcdatamodel */;
			path = Wrkout.xcdatamodeld;
			sourceTree = "<group>";
			versionGroupType = wrapper.xcdatamodel;
		};
/* End XCVersionGroup section */
	};
	rootObject = BD1C8E6728ABE76F003CFD83 /* Project object */;
}
